
Microsoft Visual Studio Solution File, Format Version 12.00
# Visual Studio Version 17
VisualStudioVersion = 17.5.33103.201
MinimumVisualStudioVersion = 10.0.40219.1
Project("{A61D1EE1-18A4-487F-9794-4C85B68EC704}") = "perfopt", "perfopt.csproj", "{3A0264C5-71D2-431C-8DDC-46EF54F146F0}"
EndProject
Global
	GlobalSection(SolutionConfigurationPlatforms) = preSolution
		Debug|ARM64 = Debug|ARM64
		Debug|x64 = Debug|x64
		Debug|x86 = Debug|x86
		Release|ARM64 = Release|ARM64
		Release|x64 = Release|x64
		Release|x86 = Release|x86
	EndGlobalSection
	GlobalSection(ProjectConfigurationPlatforms) = postSolution
		{3A0264C5-71D2-431C-8DDC-46EF54F146F0}.Debug|ARM64.ActiveCfg = Debug|ARM64
		{3A0264C5-71D2-431C-8DDC-46EF54F146F0}.Debug|ARM64.Build.0 = Debug|ARM64
		{3A0264C5-71D2-431C-8DDC-46EF54F146F0}.Debug|ARM64.Deploy.0 = Debug|ARM64
		{3A0264C5-71D2-431C-8DDC-46EF54F146F0}.Debug|x64.ActiveCfg = Debug|x64
		{3A0264C5-71D2-431C-8DDC-46EF54F146F0}.Debug|x64.Build.0 = Debug|x64
		{3A0264C5-71D2-431C-8DDC-46EF54F146F0}.Debug|x64.Deploy.0 = Debug|x64
		{3A0264C5-71D2-431C-8DDC-46EF54F146F0}.Debug|x86.ActiveCfg = Debug|x86
		{3A0264C5-71D2-431C-8DDC-46EF54F146F0}.Debug|x86.Build.0 = Debug|x86
		{3A0264C5-71D2-431C-8DDC-46EF54F146F0}.Debug|x86.Deploy.0 = Debug|x86
		{3A0264C5-71D2-431C-8DDC-46EF54F146F0}.Release|ARM64.ActiveCfg = Release|ARM64
		{3A0264C5-71D2-431C-8DDC-46EF54F146F0}.Release|ARM64.Build.0 = Release|ARM64
		{3A0264C5-71D2-431C-8DDC-46EF54F146F0}.Release|ARM64.Deploy.0 = Release|ARM64
		{3A0264C5-71D2-431C-8DDC-46EF54F146F0}.Release|x64.ActiveCfg = Release|x64
		{3A0264C5-71D2-431C-8DDC-46EF54F146F0}.Release|x64.Build.0 = Release|x64
		{3A0264C5-71D2-431C-8DDC-46EF54F146F0}.Release|x64.Deploy.0 = Release|x64
		{3A0264C5-71D2-431C-8DDC-46EF54F146F0}.Release|x86.ActiveCfg = Release|x86
		{3A0264C5-71D2-431C-8DDC-46EF54F146F0}.Release|x86.Build.0 = Release|x86
		{3A0264C5-71D2-431C-8DDC-46EF54F146F0}.Release|x86.Deploy.0 = Release|x86
	EndGlobalSection
	GlobalSection(SolutionProperties) = preSolution
		HideSolutionNode = FALSE
	EndGlobalSection
	GlobalSection(ExtensibilityGlobals) = postSolution
		SolutionGuid = {0BDBC107-98D3-4C65-AA46-8E6F7452D2DA}
	EndGlobalSection
EndGlobal
